
Microsoft Visual Studio Solution File, Format Version 12.00
# Visual Studio Version 17
VisualStudioVersion = 17.0.32112.339
MinimumVisualStudioVersion = 10.0.40219.1
Project("{9A19103F-16F7-4668-BE54-9A1E7A4F7556}") = "C_Sharp_HW19", "C_Sharp_HW19\C_Sharp_HW19.csproj", "{272DB9BA-D68F-4E8D-8A2A-78302AEB263B}"
EndProject
Global
	GlobalSection(SolutionConfigurationPlatforms) = preSolution
		Debug|Any CPU = Debug|Any CPU
		Release|Any CPU = Release|Any CPU
	EndGlobalSection
	GlobalSection(ProjectConfigurationPlatforms) = postSolution
		{272DB9BA-D68F-4E8D-8A2A-78302AEB263B}.Debug|Any CPU.ActiveCfg = Debug|Any CPU
		{272DB9BA-D68F-4E8D-8A2A-78302AEB263B}.Debug|Any CPU.Build.0 = Debug|Any CPU
		{272DB9BA-D68F-4E8D-8A2A-78302AEB263B}.Release|Any CPU.ActiveCfg = Release|Any CPU
		{272DB9BA-D68F-4E8D-8A2A-78302AEB263B}.Release|Any CPU.Build.0 = Release|Any CPU
	EndGlobalSection
	GlobalSection(SolutionProperties) = preSolution
		HideSolutionNode = FALSE
	EndGlobalSection
	GlobalSection(ExtensibilityGlobals) = postSolution
		SolutionGuid = {358B17BC-2FF7-4D43-8111-B01FD1B2B5DF}
	EndGlobalSection
EndGlobal
